Microsoft Visual Studio Solution File, Format Version 12.00
# Visual Studio Version 17
VisualStudioVersion = 17.10.35201.131
MinimumVisualStudioVersion = 10.0.40219.1
Project("{9A19103F-16F7-4668-BE54-9A1E7A4F7556}") = "Idp.AppHost", "Idp.AppHost\Idp.AppHost.csproj", "{40ADE5D5-B637-4BC5-B78E-AC6984C37F1E}"
EndProject
Project("{9A19103F-16F7-4668-BE54-9A1E7A4F7556}") = "Idp.ServiceDefaults", "Idp.ServiceDefaults\Idp.ServiceDefaults.csproj", "{B4C8D0ED-F798-422D-A032-1F96B0BB9BF9}"
EndProject
Project("{2150E333-8FDC-42A3-9474-1A3956D46DE8}") = "Solution Items", "Solution Items", "{A843D19E-6456-411E-A168-24B354170231}"
	ProjectSection(SolutionItems) = preProject
		README.md = README.md
	EndProjectSection
EndProject
Project("{9A19103F-16F7-4668-BE54-9A1E7A4F7556}") = "MvcBackChannelTwo", "MvcBackChannelTwo\MvcBackChannelTwo.csproj", "{DEF2F3EF-8917-4FAD-92FB-61E9796E575E}"
EndProject
Project("{9A19103F-16F7-4668-BE54-9A1E7A4F7556}") = "MvcPar", "MvcPar\MvcPar.csproj", "{B58ACC17-E67F-403F-92EC-870062555183}"
EndProject
Project("{FAE04EC0-301F-11D3-BF4B-00C04F79EFBC}") = "RazorPagePar", "RazorPagePar\RazorPagePar.csproj", "{07F5004F-594D-4A11-A2E8-D3C4D4295D31}"
EndProject
Project("{FAE04EC0-301F-11D3-BF4B-00C04F79EFBC}") = "AngularBff", "AngularBff\server\AngularBff.csproj", "{22D00080-3381-4883-8B34-5208AF6F53FB}"
EndProject
Project("{FAE04EC0-301F-11D3-BF4B-00C04F79EFBC}") = "ElasticsearchAuditTrail", "ElasticsearchAuditTrail\ElasticsearchAuditTrail.csproj", "{D7E5C8EB-FC13-4E02-BA5C-44E7C6D3867A}"
EndProject
Project("{FAE04EC0-301F-11D3-BF4B-00C04F79EFBC}") = "AuditTrail", "AuditTrail\AuditTrail.csproj", "{1BDC38A8-C238-45B3-96E5-70C1B19816CD}"
EndProject
Project("{FAE04EC0-301F-11D3-BF4B-00C04F79EFBC}") = "DPoPApi", "DPoPApi\DPoPApi.csproj", "{D7CC7827-A606-4A60-9787-24D304515A28}"
EndProject
Project("{FAE04EC0-301F-11D3-BF4B-00C04F79EFBC}") = "DPoPClient", "DPoPClient\DPoPClient.csproj", "{E8E64420-E522-41C6-9E49-BEF195620603}"
EndProject
Global
	GlobalSection(SolutionConfigurationPlatforms) = preSolution
		Debug|Any CPU = Debug|Any CPU
		Release|Any CPU = Release|Any CPU
	EndGlobalSection
	GlobalSection(ProjectConfigurationPlatforms) = postSolution
		{40ADE5D5-B637-4BC5-B78E-AC6984C37F1E}.Debug|Any CPU.ActiveCfg = Debug|Any CPU
		{40ADE5D5-B637-4BC5-B78E-AC6984C37F1E}.Debug|Any CPU.Build.0 = Debug|Any CPU
		{40ADE5D5-B637-4BC5-B78E-AC6984C37F1E}.Release|Any CPU.ActiveCfg = Release|Any CPU
		{40ADE5D5-B637-4BC5-B78E-AC6984C37F1E}.Release|Any CPU.Build.0 = Release|Any CPU
		{B4C8D0ED-F798-422D-A032-1F96B0BB9BF9}.Debug|Any CPU.ActiveCfg = Debug|Any CPU
		{B4C8D0ED-F798-422D-A032-1F96B0BB9BF9}.Debug|Any CPU.Build.0 = Debug|Any CPU
		{B4C8D0ED-F798-422D-A032-1F96B0BB9BF9}.Release|Any CPU.ActiveCfg = Release|Any CPU
		{B4C8D0ED-F798-422D-A032-1F96B0BB9BF9}.Release|Any CPU.Build.0 = Release|Any CPU
		{DEF2F3EF-8917-4FAD-92FB-61E9796E575E}.Debug|Any CPU.ActiveCfg = Debug|Any CPU
		{DEF2F3EF-8917-4FAD-92FB-61E9796E575E}.Debug|Any CPU.Build.0 = Debug|Any CPU
		{DEF2F3EF-8917-4FAD-92FB-61E9796E575E}.Release|Any CPU.ActiveCfg = Release|Any CPU
		{DEF2F3EF-8917-4FAD-92FB-61E9796E575E}.Release|Any CPU.Build.0 = Release|Any CPU
		{B58ACC17-E67F-403F-92EC-870062555183}.Debug|Any CPU.ActiveCfg = Debug|Any CPU
		{B58ACC17-E67F-403F-92EC-870062555183}.Debug|Any CPU.Build.0 = Debug|Any CPU
		{B58ACC17-E67F-403F-92EC-870062555183}.Release|Any CPU.ActiveCfg = Release|Any CPU
		{B58ACC17-E67F-403F-92EC-870062555183}.Release|Any CPU.Build.0 = Release|Any CPU
		{07F5004F-594D-4A11-A2E8-D3C4D4295D31}.Debug|Any CPU.ActiveCfg = Debug|Any CPU
		{07F5004F-594D-4A11-A2E8-D3C4D4295D31}.Debug|Any CPU.Build.0 = Debug|Any CPU
		{07F5004F-594D-4A11-A2E8-D3C4D4295D31}.Release|Any CPU.ActiveCfg = Release|Any CPU
		{07F5004F-594D-4A11-A2E8-D3C4D4295D31}.Release|Any CPU.Build.0 = Release|Any CPU
		{22D00080-3381-4883-8B34-5208AF6F53FB}.Debug|Any CPU.ActiveCfg = Debug|Any CPU
		{22D00080-3381-4883-8B34-5208AF6F53FB}.Debug|Any CPU.Build.0 = Debug|Any CPU
		{22D00080-3381-4883-8B34-5208AF6F53FB}.Release|Any CPU.ActiveCfg = Release|Any CPU
		{22D00080-3381-4883-8B34-5208AF6F53FB}.Release|Any CPU.Build.0 = Release|Any CPU
		{D7E5C8EB-FC13-4E02-BA5C-44E7C6D3867A}.Debug|Any CPU.ActiveCfg = Debug|Any CPU
		{D7E5C8EB-FC13-4E02-BA5C-44E7C6D3867A}.Debug|Any CPU.Build.0 = Debug|Any CPU
		{D7E5C8EB-FC13-4E02-BA5C-44E7C6D3867A}.Release|Any CPU.ActiveCfg = Release|Any CPU
		{D7E5C8EB-FC13-4E02-BA5C-44E7C6D3867A}.Release|Any CPU.Build.0 = Release|Any CPU
		{1BDC38A8-C238-45B3-96E5-70C1B19816CD}.Debug|Any CPU.ActiveCfg = Debug|Any CPU
		{1BDC38A8-C238-45B3-96E5-70C1B19816CD}.Debug|Any CPU.Build.0 = Debug|Any CPU
		{1BDC38A8-C238-45B3-96E5-70C1B19816CD}.Release|Any CPU.ActiveCfg = Release|Any CPU
		{1BDC38A8-C238-45B3-96E5-70C1B19816CD}.Release|Any CPU.Build.0 = Release|Any CPU
		{D7CC7827-A606-4A60-9787-24D304515A28}.Debug|Any CPU.ActiveCfg = Debug|Any CPU
		{D7CC7827-A606-4A60-9787-24D304515A28}.Debug|Any CPU.Build.0 = Debug|Any CPU
		{D7CC7827-A606-4A60-9787-24D304515A28}.Release|Any CPU.ActiveCfg = Release|Any CPU
		{D7CC7827-A606-4A60-9787-24D304515A28}.Release|Any CPU.Build.0 = Release|Any CPU
		{E8E64420-E522-41C6-9E49-BEF195620603}.Debug|Any CPU.ActiveCfg = Debug|Any CPU
		{E8E64420-E522-41C6-9E49-BEF195620603}.Debug|Any CPU.Build.0 = Debug|Any CPU
		{E8E64420-E522-41C6-9E49-BEF195620603}.Release|Any CPU.ActiveCfg = Release|Any CPU
		{E8E64420-E522-41C6-9E49-BEF195620603}.Release|Any CPU.Build.0 = Release|Any CPU
	EndGlobalSection
	GlobalSection(SolutionProperties) = preSolution
		HideSolutionNode = FALSE
	EndGlobalSection
	GlobalSection(ExtensibilityGlobals) = postSolution
		SolutionGuid = {F78F8444-B170-4235-BEF2-1EAE4259A084}
	EndGlobalSection
EndGlobal
