Microsoft Visual Studio Solution File, Format Version 12.00
# Visual Studio Version 17
VisualStudioVersion = 17.10.35201.131
MinimumVisualStudioVersion = 10.0.40219.1
Project("{FAE04EC0-301F-11D3-BF4B-00C04F79EFBC}") = "Idp.AppHost", "Idp.AppHost\Idp.AppHost.csproj", "{40ADE5D5-B637-4BC5-B78E-AC6984C37F1E}"
EndProject
Project("{9A19103F-16F7-4668-BE54-9A1E7A4F7556}") = "Idp.ServiceDefaults", "Idp.ServiceDefaults\Idp.ServiceDefaults.csproj", "{B4C8D0ED-F798-422D-A032-1F96B0BB9BF9}"
EndProject
Project("{9A19103F-16F7-4668-BE54-9A1E7A4F7556}") = "Idp.ApiService", "Idp.ApiService\Idp.ApiService.csproj", "{13196085-FA81-40B9-A76B-80D77CC05DCF}"
EndProject
Project("{9A19103F-16F7-4668-BE54-9A1E7A4F7556}") = "Idp.Web", "Idp.Web\Idp.Web.csproj", "{5B9B6975-A2FF-4F6D-96EA-677FB6680473}"
EndProject
Global
	GlobalSection(SolutionConfigurationPlatforms) = preSolution
		Debug|Any CPU = Debug|Any CPU
		Release|Any CPU = Release|Any CPU
	EndGlobalSection
	GlobalSection(ProjectConfigurationPlatforms) = postSolution
		{40ADE5D5-B637-4BC5-B78E-AC6984C37F1E}.Debug|Any CPU.ActiveCfg = Debug|Any CPU
		{40ADE5D5-B637-4BC5-B78E-AC6984C37F1E}.Debug|Any CPU.Build.0 = Debug|Any CPU
		{40ADE5D5-B637-4BC5-B78E-AC6984C37F1E}.Release|Any CPU.ActiveCfg = Release|Any CPU
		{40ADE5D5-B637-4BC5-B78E-AC6984C37F1E}.Release|Any CPU.Build.0 = Release|Any CPU
		{B4C8D0ED-F798-422D-A032-1F96B0BB9BF9}.Debug|Any CPU.ActiveCfg = Debug|Any CPU
		{B4C8D0ED-F798-422D-A032-1F96B0BB9BF9}.Debug|Any CPU.Build.0 = Debug|Any CPU
		{B4C8D0ED-F798-422D-A032-1F96B0BB9BF9}.Release|Any CPU.ActiveCfg = Release|Any CPU
		{B4C8D0ED-F798-422D-A032-1F96B0BB9BF9}.Release|Any CPU.Build.0 = Release|Any CPU
		{13196085-FA81-40B9-A76B-80D77CC05DCF}.Debug|Any CPU.ActiveCfg = Debug|Any CPU
		{13196085-FA81-40B9-A76B-80D77CC05DCF}.Debug|Any CPU.Build.0 = Debug|Any CPU
		{13196085-FA81-40B9-A76B-80D77CC05DCF}.Release|Any CPU.ActiveCfg = Release|Any CPU
		{13196085-FA81-40B9-A76B-80D77CC05DCF}.Release|Any CPU.Build.0 = Release|Any CPU
		{5B9B6975-A2FF-4F6D-96EA-677FB6680473}.Debug|Any CPU.ActiveCfg = Debug|Any CPU
		{5B9B6975-A2FF-4F6D-96EA-677FB6680473}.Debug|Any CPU.Build.0 = Debug|Any CPU
		{5B9B6975-A2FF-4F6D-96EA-677FB6680473}.Release|Any CPU.ActiveCfg = Release|Any CPU
		{5B9B6975-A2FF-4F6D-96EA-677FB6680473}.Release|Any CPU.Build.0 = Release|Any CPU
	EndGlobalSection
	GlobalSection(SolutionProperties) = preSolution
		HideSolutionNode = FALSE
	EndGlobalSection
	GlobalSection(ExtensibilityGlobals) = postSolution
		SolutionGuid = {F78F8444-B170-4235-BEF2-1EAE4259A084}
	EndGlobalSection
EndGlobal
